
Microsoft Visual Studio Solution File, Format Version 12.00
# Visual Studio Version 17
VisualStudioVersion = 17.12.35521.163
MinimumVisualStudioVersion = 10.0.40219.1
Project("{2150E333-8FDC-42A3-9474-1A3956D46DE8}") = "DesignPrinciples", "DesignPrinciples", "{4B8C198F-C930-4D89-B3B2-0C3BBB812F4F}"
EndProject
Project("{2150E333-8FDC-42A3-9474-1A3956D46DE8}") = "AsyncProgramming", "AsyncProgramming", "{A2ED74BE-3343-4203-B1D6-BD4EE78FFD5A}"
EndProject
Project("{2150E333-8FDC-42A3-9474-1A3956D46DE8}") = "ApiBestPractices", "ApiBestPractices", "{4463FA96-0EC3-489B-8D63-BAFAEBAF8C9F}"
EndProject
Project("{FAE04EC0-301F-11D3-BF4B-00C04F79EFBC}") = "SRP", "SRP\SRP.csproj", "{AE44E7C5-3941-41F4-A293-FECAF5FF2B81}"
EndProject
Project("{FAE04EC0-301F-11D3-BF4B-00C04F79EFBC}") = "OCP", "OCP\OCP.csproj", "{468D1728-3DBA-4DF2-B232-9C1A9FD0FA4C}"
EndProject
Project("{FAE04EC0-301F-11D3-BF4B-00C04F79EFBC}") = "LSP", "LSP\LSP.csproj", "{BB34EBA4-DBBD-4538-A61F-6D120C6FE624}"
EndProject
Project("{FAE04EC0-301F-11D3-BF4B-00C04F79EFBC}") = "ISP", "ISP\ISP.csproj", "{749DE88B-1D3C-4AF7-B23D-9A7AB428AB8A}"
EndProject
Project("{FAE04EC0-301F-11D3-BF4B-00C04F79EFBC}") = "DIP", "DIS\DIP.csproj", "{A261EAFA-5870-4BD4-8F8D-AD43D90F506E}"
EndProject
Project("{FAE04EC0-301F-11D3-BF4B-00C04F79EFBC}") = "WebsiteFetcherAsyncVsSync", "AsyncProgramming\WebsiteFetcher\WebsiteFetcherAsyncVsSync.csproj", "{3E33363A-71C3-409B-A0D7-1C795CB2F5C9}"
EndProject
Project("{FAE04EC0-301F-11D3-BF4B-00C04F79EFBC}") = "TaskMethodsUsage", "TaskMethodsUsage\TaskMethodsUsage.csproj", "{9D29D3BD-FA8E-4BFD-B1E0-F3A0B1916D51}"
EndProject
Project("{FAE04EC0-301F-11D3-BF4B-00C04F79EFBC}") = "BreakfastMenuAsync", "BreakfastMenuAsync\BreakfastMenuAsync.csproj", "{721ED957-BA6C-4088-9CD8-D9E255751D11}"
EndProject
Project("{FAE04EC0-301F-11D3-BF4B-00C04F79EFBC}") = "LibraryManagementApi", "ApiBestPractices\LibraryManagementApi\LibraryManagementApi.csproj", "{6BFC57A6-5F56-458E-9A4C-A791EE5EE6C8}"
EndProject
Global
	GlobalSection(SolutionConfigurationPlatforms) = preSolution
		Debug|Any CPU = Debug|Any CPU
		Release|Any CPU = Release|Any CPU
	EndGlobalSection
	GlobalSection(ProjectConfigurationPlatforms) = postSolution
		{AE44E7C5-3941-41F4-A293-FECAF5FF2B81}.Debug|Any CPU.ActiveCfg = Debug|Any CPU
		{AE44E7C5-3941-41F4-A293-FECAF5FF2B81}.Debug|Any CPU.Build.0 = Debug|Any CPU
		{AE44E7C5-3941-41F4-A293-FECAF5FF2B81}.Release|Any CPU.ActiveCfg = Release|Any CPU
		{AE44E7C5-3941-41F4-A293-FECAF5FF2B81}.Release|Any CPU.Build.0 = Release|Any CPU
		{468D1728-3DBA-4DF2-B232-9C1A9FD0FA4C}.Debug|Any CPU.ActiveCfg = Debug|Any CPU
		{468D1728-3DBA-4DF2-B232-9C1A9FD0FA4C}.Debug|Any CPU.Build.0 = Debug|Any CPU
		{468D1728-3DBA-4DF2-B232-9C1A9FD0FA4C}.Release|Any CPU.ActiveCfg = Release|Any CPU
		{468D1728-3DBA-4DF2-B232-9C1A9FD0FA4C}.Release|Any CPU.Build.0 = Release|Any CPU
		{BB34EBA4-DBBD-4538-A61F-6D120C6FE624}.Debug|Any CPU.ActiveCfg = Debug|Any CPU
		{BB34EBA4-DBBD-4538-A61F-6D120C6FE624}.Debug|Any CPU.Build.0 = Debug|Any CPU
		{BB34EBA4-DBBD-4538-A61F-6D120C6FE624}.Release|Any CPU.ActiveCfg = Release|Any CPU
		{BB34EBA4-DBBD-4538-A61F-6D120C6FE624}.Release|Any CPU.Build.0 = Release|Any CPU
		{749DE88B-1D3C-4AF7-B23D-9A7AB428AB8A}.Debug|Any CPU.ActiveCfg = Debug|Any CPU
		{749DE88B-1D3C-4AF7-B23D-9A7AB428AB8A}.Debug|Any CPU.Build.0 = Debug|Any CPU
		{749DE88B-1D3C-4AF7-B23D-9A7AB428AB8A}.Release|Any CPU.ActiveCfg = Release|Any CPU
		{749DE88B-1D3C-4AF7-B23D-9A7AB428AB8A}.Release|Any CPU.Build.0 = Release|Any CPU
		{A261EAFA-5870-4BD4-8F8D-AD43D90F506E}.Debug|Any CPU.ActiveCfg = Debug|Any CPU
		{A261EAFA-5870-4BD4-8F8D-AD43D90F506E}.Debug|Any CPU.Build.0 = Debug|Any CPU
		{A261EAFA-5870-4BD4-8F8D-AD43D90F506E}.Release|Any CPU.ActiveCfg = Release|Any CPU
		{A261EAFA-5870-4BD4-8F8D-AD43D90F506E}.Release|Any CPU.Build.0 = Release|Any CPU
		{3E33363A-71C3-409B-A0D7-1C795CB2F5C9}.Debug|Any CPU.ActiveCfg = Debug|Any CPU
		{3E33363A-71C3-409B-A0D7-1C795CB2F5C9}.Debug|Any CPU.Build.0 = Debug|Any CPU
		{3E33363A-71C3-409B-A0D7-1C795CB2F5C9}.Release|Any CPU.ActiveCfg = Release|Any CPU
		{3E33363A-71C3-409B-A0D7-1C795CB2F5C9}.Release|Any CPU.Build.0 = Release|Any CPU
		{9D29D3BD-FA8E-4BFD-B1E0-F3A0B1916D51}.Debug|Any CPU.ActiveCfg = Debug|Any CPU
		{9D29D3BD-FA8E-4BFD-B1E0-F3A0B1916D51}.Debug|Any CPU.Build.0 = Debug|Any CPU
		{9D29D3BD-FA8E-4BFD-B1E0-F3A0B1916D51}.Release|Any CPU.ActiveCfg = Release|Any CPU
		{9D29D3BD-FA8E-4BFD-B1E0-F3A0B1916D51}.Release|Any CPU.Build.0 = Release|Any CPU
		{721ED957-BA6C-4088-9CD8-D9E255751D11}.Debug|Any CPU.ActiveCfg = Debug|Any CPU
		{721ED957-BA6C-4088-9CD8-D9E255751D11}.Debug|Any CPU.Build.0 = Debug|Any CPU
		{721ED957-BA6C-4088-9CD8-D9E255751D11}.Release|Any CPU.ActiveCfg = Release|Any CPU
		{721ED957-BA6C-4088-9CD8-D9E255751D11}.Release|Any CPU.Build.0 = Release|Any CPU
		{6BFC57A6-5F56-458E-9A4C-A791EE5EE6C8}.Debug|Any CPU.ActiveCfg = Debug|Any CPU
		{6BFC57A6-5F56-458E-9A4C-A791EE5EE6C8}.Debug|Any CPU.Build.0 = Debug|Any CPU
		{6BFC57A6-5F56-458E-9A4C-A791EE5EE6C8}.Release|Any CPU.ActiveCfg = Release|Any CPU
		{6BFC57A6-5F56-458E-9A4C-A791EE5EE6C8}.Release|Any CPU.Build.0 = Release|Any CPU
	EndGlobalSection
	GlobalSection(SolutionProperties) = preSolution
		HideSolutionNode = FALSE
	EndGlobalSection
	GlobalSection(NestedProjects) = preSolution
		{AE44E7C5-3941-41F4-A293-FECAF5FF2B81} = {4B8C198F-C930-4D89-B3B2-0C3BBB812F4F}
		{468D1728-3DBA-4DF2-B232-9C1A9FD0FA4C} = {4B8C198F-C930-4D89-B3B2-0C3BBB812F4F}
		{BB34EBA4-DBBD-4538-A61F-6D120C6FE624} = {4B8C198F-C930-4D89-B3B2-0C3BBB812F4F}
		{749DE88B-1D3C-4AF7-B23D-9A7AB428AB8A} = {4B8C198F-C930-4D89-B3B2-0C3BBB812F4F}
		{A261EAFA-5870-4BD4-8F8D-AD43D90F506E} = {4B8C198F-C930-4D89-B3B2-0C3BBB812F4F}
		{3E33363A-71C3-409B-A0D7-1C795CB2F5C9} = {A2ED74BE-3343-4203-B1D6-BD4EE78FFD5A}
		{9D29D3BD-FA8E-4BFD-B1E0-F3A0B1916D51} = {A2ED74BE-3343-4203-B1D6-BD4EE78FFD5A}
		{721ED957-BA6C-4088-9CD8-D9E255751D11} = {A2ED74BE-3343-4203-B1D6-BD4EE78FFD5A}
		{6BFC57A6-5F56-458E-9A4C-A791EE5EE6C8} = {4463FA96-0EC3-489B-8D63-BAFAEBAF8C9F}
	EndGlobalSection
EndGlobal
